
Microsoft Visual Studio Solution File, Format Version 12.00
# Visual Studio 15
VisualStudioVersion = 15.0.28307.1300
MinimumVisualStudioVersion = 10.0.40219.1
Project("{FAE04EC0-301F-11D3-BF4B-00C04F79EFBC}") = "GameDemo", "GameDemo\GameDemo.csproj", "{0273A56B-A1E0-4D72-B520-D341D13D7D44}"
EndProject
Global
	GlobalSection(SolutionConfigurationPlatforms) = preSolution
		Debug|Any CPU = Debug|Any CPU
		Release|Any CPU = Release|Any CPU
	EndGlobalSection
	GlobalSection(ProjectConfigurationPlatforms) = postSolution
		{0273A56B-A1E0-4D72-B520-D341D13D7D44}.Debug|Any CPU.ActiveCfg = Debug|Any CPU
		{0273A56B-A1E0-4D72-B520-D341D13D7D44}.Debug|Any CPU.Build.0 = Debug|Any CPU
		{0273A56B-A1E0-4D72-B520-D341D13D7D44}.Release|Any CPU.ActiveCfg = Release|Any CPU
		{0273A56B-A1E0-4D72-B520-D341D13D7D44}.Release|Any CPU.Build.0 = Release|Any CPU
	EndGlobalSection
	GlobalSection(SolutionProperties) = preSolution
		HideSolutionNode = FALSE
	EndGlobalSection
	GlobalSection(ExtensibilityGlobals) = postSolution
		SolutionGuid = {EC4F2EB2-DCE0-497A-A6FA-09E4C0381FF1}
	EndGlobalSection
EndGlobal
